
Microsoft Visual Studio Solution File, Format Version 12.00
# Visual Studio Version 16
VisualStudioVersion = 16.0.29519.87
MinimumVisualStudioVersion = 10.0.40219.1
Project("{FAE04EC0-301F-11D3-BF4B-00C04F79EFBC}") = "JungleWarCommon", "JungleWarCommon.csproj", "{1B075107-8769-4D0A-9FB9-0784F6FD9DB2}"
EndProject
Global
	GlobalSection(SolutionConfigurationPlatforms) = preSolution
		Debug|Any CPU = Debug|Any CPU
		Release|Any CPU = Release|Any CPU
	EndGlobalSection
	GlobalSection(ProjectConfigurationPlatforms) = postSolution
		{1B075107-8769-4D0A-9FB9-0784F6FD9DB2}.Debug|Any CPU.ActiveCfg = Debug|Any CPU
		{1B075107-8769-4D0A-9FB9-0784F6FD9DB2}.Debug|Any CPU.Build.0 = Debug|Any CPU
		{1B075107-8769-4D0A-9FB9-0784F6FD9DB2}.Release|Any CPU.ActiveCfg = Release|Any CPU
		{1B075107-8769-4D0A-9FB9-0784F6FD9DB2}.Release|Any CPU.Build.0 = Release|Any CPU
	EndGlobalSection
	GlobalSection(SolutionProperties) = preSolution
		HideSolutionNode = FALSE
	EndGlobalSection
	GlobalSection(ExtensibilityGlobals) = postSolution
		SolutionGuid = {E1BB5551-37D7-4944-98D4-A1E83856EF1D}
	EndGlobalSection
EndGlobal
